
Microsoft Visual Studio Solution File, Format Version 12.00
# Visual Studio Version 17
VisualStudioVersion = 17.4.33213.308
MinimumVisualStudioVersion = 10.0.40219.1
Project("{FAE04EC0-301F-11D3-BF4B-00C04F79EFBC}") = "WpfApp1", "WpfApp1.csproj", "{3BEBB4E9-FC50-4640-99F7-2947B4C83B76}"
EndProject
Global
	GlobalSection(SolutionConfigurationPlatforms) = preSolution
		Debug|Any CPU = Debug|Any CPU
		Release|Any CPU = Release|Any CPU
	EndGlobalSection
	GlobalSection(ProjectConfigurationPlatforms) = postSolution
		{3BEBB4E9-FC50-4640-99F7-2947B4C83B76}.Debug|Any CPU.ActiveCfg = Debug|Any CPU
		{3BEBB4E9-FC50-4640-99F7-2947B4C83B76}.Debug|Any CPU.Build.0 = Debug|Any CPU
		{3BEBB4E9-FC50-4640-99F7-2947B4C83B76}.Release|Any CPU.ActiveCfg = Release|Any CPU
		{3BEBB4E9-FC50-4640-99F7-2947B4C83B76}.Release|Any CPU.Build.0 = Release|Any CPU
	EndGlobalSection
	GlobalSection(SolutionProperties) = preSolution
		HideSolutionNode = FALSE
	EndGlobalSection
	GlobalSection(ExtensibilityGlobals) = postSolution
		SolutionGuid = {4950A424-E71C-49DC-A888-BC06C14416C6}
	EndGlobalSection
EndGlobal
